
Microsoft Visual Studio Solution File, Format Version 12.00
# Visual Studio Version 17
VisualStudioVersion = 17.14.36301.6 d17.14
MinimumVisualStudioVersion = 10.0.40219.1
Project("{FAE04EC0-301F-11D3-BF4B-00C04F79EFBC}") = "CUAHANGDIENTHOAI", "CUAHANGDIENTHOAI\CUAHANGDIENTHOAI.csproj", "{F6E1455C-1A07-4498-A758-8D44441DE48B}"
EndProject
Global
	GlobalSection(SolutionConfigurationPlatforms) = preSolution
		Debug|Any CPU = Debug|Any CPU
		Release|Any CPU = Release|Any CPU
	EndGlobalSection
	GlobalSection(ProjectConfigurationPlatforms) = postSolution
		{F6E1455C-1A07-4498-A758-8D44441DE48B}.Debug|Any CPU.ActiveCfg = Debug|Any CPU
		{F6E1455C-1A07-4498-A758-8D44441DE48B}.Debug|Any CPU.Build.0 = Debug|Any CPU
		{F6E1455C-1A07-4498-A758-8D44441DE48B}.Release|Any CPU.ActiveCfg = Release|Any CPU
		{F6E1455C-1A07-4498-A758-8D44441DE48B}.Release|Any CPU.Build.0 = Release|Any CPU
	EndGlobalSection
	GlobalSection(SolutionProperties) = preSolution
		HideSolutionNode = FALSE
	EndGlobalSection
	GlobalSection(ExtensibilityGlobals) = postSolution
		SolutionGuid = {A26FB44D-B39F-49B2-9A7D-014776B474C8}
	EndGlobalSection
EndGlobal
